{
    "name": "@ticket721sources/root",
    "version": "1.0.0",
    "lockfileVersion": 1,
    "requires": true,
    "dependencies": {
        "@hapi/address": {
            "version": "2.1.4",
            "resolved": "https://registry.npmjs.org/@hapi/address/-/address-2.1.4.tgz",
            "integrity": "sha512-QD1PhQk+s31P1ixsX0H0Suoupp3VMXzIVMSwobR3F3MSUO2YCV0B7xqLcUw/Bh8yuvd3LhpyqLQWTNcRmp6IdQ=="
        },
        "@hapi/formula": {
            "version": "1.2.0",
            "resolved": "https://registry.npmjs.org/@hapi/formula/-/formula-1.2.0.tgz",
            "integrity": "sha512-UFbtbGPjstz0eWHb+ga/GM3Z9EzqKXFWIbSOFURU0A/Gku0Bky4bCk9/h//K2Xr3IrCfjFNhMm4jyZ5dbCewGA=="
        },
        "@hapi/hoek": {
            "version": "8.5.0",
            "resolved": "https://registry.npmjs.org/@hapi/hoek/-/hoek-8.5.0.tgz",
            "integrity": "sha512-7XYT10CZfPsH7j9F1Jmg1+d0ezOux2oM2GfArAzLwWe4mE2Dr3hVjsAL6+TFY49RRJlCdJDMw3nJsLFroTc8Kw=="
        },
        "@hapi/joi": {
            "version": "16.1.8",
            "resolved": "https://registry.npmjs.org/@hapi/joi/-/joi-16.1.8.tgz",
            "integrity": "sha512-wAsVvTPe+FwSrsAurNt5vkg3zo+TblvC5Bb1zMVK6SJzZqw9UrJnexxR+76cpePmtUZKHAPxcQ2Bf7oVHyahhg==",
            "requires": {
                "@hapi/address": "^2.1.2",
                "@hapi/formula": "^1.2.0",
                "@hapi/hoek": "^8.2.4",
                "@hapi/pinpoint": "^1.0.2",
                "@hapi/topo": "^3.1.3"
            }
        },
        "@hapi/pinpoint": {
            "version": "1.0.2",
            "resolved": "https://registry.npmjs.org/@hapi/pinpoint/-/pinpoint-1.0.2.tgz",
            "integrity": "sha512-dtXC/WkZBfC5vxscazuiJ6iq4j9oNx1SHknmIr8hofarpKUZKmlUVYVIhNVzIEgK5Wrc4GMHL5lZtt1uS2flmQ=="
        },
        "@hapi/topo": {
            "version": "3.1.6",
            "resolved": "https://registry.npmjs.org/@hapi/topo/-/topo-3.1.6.tgz",
            "integrity": "sha512-tAag0jEcjwH+P2quUfipd7liWCNX2F8NvYjQp2wtInsZxnMlypdw0FtAOLxtvvkO+GSRRbmNi8m/5y42PQJYCQ==",
            "requires": {
                "@hapi/hoek": "^8.3.0"
            }
        },
        "@ticket721/e712": {
            "version": "0.2.4",
            "resolved": "https://registry.npmjs.org/@ticket721/e712/-/e712-0.2.4.tgz",
            "integrity": "sha512-XWzAOtZbV5HKJciRPI2Nt3e4onZ3fsMwv91snh8qZIht/LRYXIOVLGQcdRTTSdK+BQfo/7uOkr7/i0Iu8PbFoA==",
            "requires": {
                "bn.js": "5.1.1",
                "ethers": "4.0.41"
            },
            "dependencies": {
                "bn.js": {
                    "version": "5.1.1",
                    "resolved": "https://registry.npmjs.org/bn.js/-/bn.js-5.1.1.tgz",
                    "integrity": "sha512-IUTD/REb78Z2eodka1QZyyEk66pciRcP6Sroka0aI3tG/iwIdYLrBD62RsubR7vqdt3WyX8p4jxeatzmRSphtA=="
                }
            }
        },
        "@types/hapi__joi": {
            "version": "16.0.5",
            "resolved": "https://registry.npmjs.org/@types/hapi__joi/-/hapi__joi-16.0.5.tgz",
            "integrity": "sha512-S4nI6xEl68ULkzxLkPYlPQgOxIv5FXhrb4A3TgBADYU/JBVfpXt8DwVWgkgYeX3h7S/wbVsNOsUONkcE3LwpqQ==",
            "dev": true
        },
        "aes-js": {
            "version": "3.0.0",
            "resolved": "https://registry.npmjs.org/aes-js/-/aes-js-3.0.0.tgz",
            "integrity": "sha1-4h3xCtbCBTKVvLuNq0Cwnb6ofk0="
        },
        "axios": {
            "version": "0.19.0",
            "resolved": "https://registry.npmjs.org/axios/-/axios-0.19.0.tgz",
            "integrity": "sha512-1uvKqKQta3KBxIz14F2v06AEHZ/dIoeKfbTRkK1E5oqjDnuEerLmYTgJB5AiQZHJcljpg1TuRzdjDR06qNk0DQ==",
            "requires": {
                "follow-redirects": "1.5.10",
                "is-buffer": "^2.0.2"
            }
        },
        "bn.js": {
            "version": "4.11.8",
            "resolved": "https://registry.npmjs.org/bn.js/-/bn.js-4.11.8.tgz",
            "integrity": "sha512-ItfYfPLkWHUjckQCk8xC+LwxgK8NYcXywGigJgSwOP8Y2iyWT4f2vsZnoOXTTbo+o5yXmIUJ4gn5538SO5S3gA=="
        },
        "brorand": {
            "version": "1.1.0",
            "resolved": "https://registry.npmjs.org/brorand/-/brorand-1.1.0.tgz",
            "integrity": "sha1-EsJe/kCkXjwyPrhnWgoM5XsiNx8="
        },
        "crypto-js": {
            "version": "3.1.8",
            "resolved": "https://registry.npmjs.org/crypto-js/-/crypto-js-3.1.8.tgz",
            "integrity": "sha1-cV8HC/YBTyrpkqmLOSkli3E/CNU="
        },
        "debug": {
            "version": "3.1.0",
            "resolved": "https://registry.npmjs.org/debug/-/debug-3.1.0.tgz",
            "integrity": "sha512-OX8XqP7/1a9cqkxYw2yXss15f26NKWBpDXQd0/uK/KPqdQhxbPa994hnzjcE2VqQpDslf55723cKPUOGSmMY3g==",
            "requires": {
                "ms": "2.0.0"
            }
        },
        "elliptic": {
            "version": "6.5.2",
            "resolved": "https://registry.npmjs.org/elliptic/-/elliptic-6.5.2.tgz",
            "integrity": "sha512-f4x70okzZbIQl/NSRLkI/+tteV/9WqL98zx+SQ69KbXxmVrmjwsNUPn/gYJJ0sHvEak24cZgHIPegRePAtA/xw==",
            "requires": {
                "bn.js": "^4.4.0",
                "brorand": "^1.0.1",
                "hash.js": "^1.0.0",
                "hmac-drbg": "^1.0.0",
                "inherits": "^2.0.1",
                "minimalistic-assert": "^1.0.0",
                "minimalistic-crypto-utils": "^1.0.0"
            }
        },
        "ethereum-address": {
            "version": "0.0.4",
            "resolved": "https://registry.npmjs.org/ethereum-address/-/ethereum-address-0.0.4.tgz",
            "integrity": "sha1-kXKbK8igBEu+4sBcz20EF5U+X5U=",
            "requires": {
                "crypto-js": "^3.1.6"
            }
        },
        "ethers": {
            "version": "4.0.41",
            "resolved": "https://registry.npmjs.org/ethers/-/ethers-4.0.41.tgz",
            "integrity": "sha512-QpW2CPZajquwiA7rVDozMksOuvdUBKIruamAakt0++EKBB/VWtLB9zSRZDInLDpp9fZYgOT/0trPD38r6CzLIg==",
            "requires": {
                "aes-js": "3.0.0",
                "bn.js": "^4.4.0",
                "elliptic": "6.5.2",
                "hash.js": "1.1.3",
                "js-sha3": "0.5.7",
                "scrypt-js": "2.0.4",
                "setimmediate": "1.0.4",
                "uuid": "2.0.1",
                "xmlhttprequest": "1.8.0"
            }
        },
        "follow-redirects": {
            "version": "1.5.10",
            "resolved": "https://registry.npmjs.org/follow-redirects/-/follow-redirects-1.5.10.tgz",
            "integrity": "sha512-0V5l4Cizzvqt5D44aTXbFZz+FtyXV1vrDN6qrelxtfYQKW0KO0W2T/hkE8xvGa/540LkZlkaUjO4ailYTFtHVQ==",
            "requires": {
                "debug": "=3.1.0"
            }
        },
        "hash.js": {
            "version": "1.1.3",
            "resolved": "https://registry.npmjs.org/hash.js/-/hash.js-1.1.3.tgz",
            "integrity": "sha512-/UETyP0W22QILqS+6HowevwhEFJ3MBJnwTf75Qob9Wz9t0DPuisL8kW8YZMK62dHAKE1c1p+gY1TtOLY+USEHA==",
            "requires": {
                "inherits": "^2.0.3",
                "minimalistic-assert": "^1.0.0"
            }
        },
        "hmac-drbg": {
            "version": "1.0.1",
            "resolved": "https://registry.npmjs.org/hmac-drbg/-/hmac-drbg-1.0.1.tgz",
            "integrity": "sha1-0nRXAQJabHdabFRXk+1QL8DGSaE=",
            "requires": {
                "hash.js": "^1.0.3",
                "minimalistic-assert": "^1.0.0",
                "minimalistic-crypto-utils": "^1.0.1"
            }
        },
        "inherits": {
            "version": "2.0.4",
            "resolved": "https://registry.npmjs.org/inherits/-/inherits-2.0.4.tgz",
            "integrity": "sha512-k/vGaX4/Yla3WzyMCvTQOXYeIHvqOKtnqBduzTHpzpQZzAskKMhZ2K+EnBiSM9zGSoIFeMpXKxa4dYeZIQqewQ=="
        },
        "is-buffer": {
            "version": "2.0.4",
            "resolved": "https://registry.npmjs.org/is-buffer/-/is-buffer-2.0.4.tgz",
            "integrity": "sha512-Kq1rokWXOPXWuaMAqZiJW4XxsmD9zGx9q4aePabbn3qCRGedtH7Cm+zV8WETitMfu1wdh+Rvd6w5egwSngUX2A=="
        },
        "js-sha3": {
            "version": "0.5.7",
            "resolved": "https://registry.npmjs.org/js-sha3/-/js-sha3-0.5.7.tgz",
            "integrity": "sha1-DU/9gALVMzqrr0oj7tL2N0yfKOc="
        },
        "lodash": {
            "version": "4.17.15",
            "resolved": "https://registry.npmjs.org/lodash/-/lodash-4.17.15.tgz",
            "integrity": "sha512-8xOcRHvCjnocdS5cpwXQXVzmmh5e5+saE2QGoeQmbKmRS6J3VQppPOIt0MnmE+4xlZoumy0GPG0D0MVIQbNA1A=="
        },
        "minimalistic-assert": {
            "version": "1.0.1",
            "resolved": "https://registry.npmjs.org/minimalistic-assert/-/minimalistic-assert-1.0.1.tgz",
            "integrity": "sha512-UtJcAD4yEaGtjPezWuO9wC4nwUnVH/8/Im3yEHQP4b67cXlD/Qr9hdITCU1xDbSEXg2XKNaP8jsReV7vQd00/A=="
        },
        "minimalistic-crypto-utils": {
            "version": "1.0.1",
            "resolved": "https://registry.npmjs.org/minimalistic-crypto-utils/-/minimalistic-crypto-utils-1.0.1.tgz",
            "integrity": "sha1-9sAMHAsIIkblxNmd+4x8CDsrWCo="
        },
        "ms": {
            "version": "2.0.0",
            "resolved": "https://registry.npmjs.org/ms/-/ms-2.0.0.tgz",
            "integrity": "sha1-VgiurfwAvmwpAd9fmGF4jeDVl8g="
        },
        "scrypt-js": {
            "version": "2.0.4",
            "resolved": "https://registry.npmjs.org/scrypt-js/-/scrypt-js-2.0.4.tgz",
            "integrity": "sha512-4KsaGcPnuhtCZQCxFxN3GVYIhKFPTdLd8PLC552XwbMndtD0cjRFAhDuuydXQ0h08ZfPgzqe6EKHozpuH74iDw=="
        },
        "setimmediate": {
            "version": "1.0.4",
            "resolved": "https://registry.npmjs.org/setimmediate/-/setimmediate-1.0.4.tgz",
            "integrity": "sha1-IOgd5iLUoCWIzgyNqJc8vPHTE48="
        },
        "uuid": {
            "version": "2.0.1",
            "resolved": "https://registry.npmjs.org/uuid/-/uuid-2.0.1.tgz",
            "integrity": "sha1-wqMN7bPlNdcsz4LjQ5QaULqFM6w="
        },
        "xmlhttprequest": {
            "version": "1.8.0",
            "resolved": "https://registry.npmjs.org/xmlhttprequest/-/xmlhttprequest-1.8.0.tgz",
            "integrity": "sha1-Z/4HXFwk/vOfnWX197f+dRcZaPw="
        }
    }
}
